// !$*UTF8*$!
{
	archiveVersion = 1;
	classes = {
	};
	objectVersion = 46;
	objects = {

/* Begin PBXBuildFile section */
		37F884EE1B2D606D00FD1048 /* AppDelegate.swift in Sources */ = {isa = PBXBuildFile; fileRef = 37F884ED1B2D606D00FD1048 /* AppDelegate.swift */; };
		37F884F01B2D606D00FD1048 /* ViewController.swift in Sources */ = {isa = PBXBuildFile; fileRef = 37F884EF1B2D606D00FD1048 /* ViewController.swift */; };
		37F884F31B2D606D00FD1048 /* Main.storyboard in Resources */ = {isa = PBXBuildFile; fileRef = 37F884F11B2D606D00FD1048 /* Main.storyboard */; };
		37F884F51B2D606D00FD1048 /* Images.xcassets in Resources */ = {isa = PBXBuildFile; fileRef = 37F884F41B2D606D00FD1048 /* Images.xcassets */; };
		37F884F81B2D606D00FD1048 /* LaunchScreen.xib in Resources */ = {isa = PBXBuildFile; fileRef = 37F884F61B2D606D00FD1048 /* LaunchScreen.xib */; };
		37F885041B2D606D00FD1048 /* calculatorTests.swift in Sources */ = {isa = PBXBuildFile; fileRef = 37F885031B2D606D00FD1048 /* calculatorTests.swift */; };
/* End PBXBuildFile section */

/* Begin PBXContainerItemProxy section */
		37F884FE1B2D606D00FD1048 /* PBXContainerItemProxy */ = {
			isa = PBXContainerItemProxy;
			containerPortal = 37F884E01B2D606D00FD1048 /* Project object */;
			proxyType = 1;
			remoteGlobalIDString = 37F884E71B2D606D00FD1048;
			remoteInfo = calculator;
		};
/* End PBXContainerItemProxy section */

/* Begin PBXFileReference section */
		37F884E81B2D606D00FD1048 /* calculator.app */ = {isa = PBXFileReference; explicitFileType = wrapper.application; includeInIndex = 0; path = calculator.app; sourceTree = BUILT_PRODUCTS_DIR; };
		37F884EC1B2D606D00FD1048 /* Info.plist */ = {isa = PBXFileReference; lastKnownFileType = text.plist.xml; path = Info.plist; sourceTree = "<group>"; };
		37F884ED1B2D606D00FD1048 /* AppDelegate.swift */ = {isa = PBXFileReference; lastKnownFileType = sourcecode.swift; path = AppDelegate.swift; sourceTree = "<group>"; };
		37F884EF1B2D606D00FD1048 /* ViewController.swift */ = {isa = PBXFileReference; lastKnownFileType = sourcecode.swift; path = ViewController.swift; sourceTree = "<group>"; };
		37F884F21B2D606D00FD1048 /* Base */ = {isa = PBXFileReference; lastKnownFileType = file.storyboard; name = Base; path = Base.lproj/Main.storyboard; sourceTree = "<group>"; };
		37F884F41B2D606D00FD1048 /* Images.xcassets */ = {isa = PBXFileReference; lastKnownFileType = folder.assetcatalog; path = Images.xcassets; sourceTree = "<group>"; };
		37F884F71B2D606D00FD1048 /* Base */ = {isa = PBXFileReference; lastKnownFileType = file.xib; name = Base; path = Base.lproj/LaunchScreen.xib; sourceTree = "<group>"; };
		37F884FD1B2D606D00FD1048 /* calculatorTests.xctest */ = {isa = PBXFileReference; explicitFileType = wrapper.cfbundle; includeInIndex = 0; path = calculatorTests.xctest; sourceTree = BUILT_PRODUCTS_DIR; };
		37F885021B2D606D00FD1048 /* Info.plist */ = {isa = PBXFileReference; lastKnownFileType = text.plist.xml; path = Info.plist; sourceTree = "<group>"; };
		37F885031B2D606D00FD1048 /* calculatorTests.swift */ = {isa = PBXFileReference; lastKnownFileType = sourcecode.swift; path = calculatorTests.swift; sourceTree = "<group>"; };
/* End PBXFileReference section */

/* Begin PBXFrameworksBuildPhase section */
		37F884E51B2D606D00FD1048 /* Frameworks */ = {
			isa = PBXFrameworksBuildPhase;
			buildActionMask = 2147483647;
			files = (
			);
			runOnlyForDeploymentPostprocessing = 0;
		};
		37F884FA1B2D606D00FD1048 /* Frameworks */ = {
			isa = PBXFrameworksBuildPhase;
			buildActionMask = 2147483647;
			files = (
			);
			runOnlyForDeploymentPostprocessing = 0;
		};
/* End PBXFrameworksBuildPhase section */

/* Begin PBXGroup section */
		37F884DF1B2D606D00FD1048 = {
			isa = PBXGroup;
			children = (
				37F884EA1B2D606D00FD1048 /* calculator */,
				37F885001B2D606D00FD1048 /* calculatorTests */,
				37F884E91B2D606D00FD1048 /* Products */,
			);
			sourceTree = "<group>";
		};
		37F884E91B2D606D00FD1048 /* Products */ = {
			isa = PBXGroup;
			children = (
				37F884E81B2D606D00FD1048 /* calculator.app */,
				37F884FD1B2D606D00FD1048 /* calculatorTests.xctest */,
			);
			name = Products;
			sourceTree = "<group>";
		};
		37F884EA1B2D606D00FD1048 /* calculator */ = {
			isa = PBXGroup;
			children = (
				37F884ED1B2D606D00FD1048 /* AppDelegate.swift */,
				37F884EF1B2D606D00FD1048 /* ViewController.swift */,
				37F884F11B2D606D00FD1048 /* Main.storyboard */,
				37F884F41B2D606D00FD1048 /* Images.xcassets */,
				37F884F61B2D606D00FD1048 /* LaunchScreen.xib */,
				37F884EB1B2D606D00FD1048 /* Supporting Files */,
			);
			path = calculator;
			sourceTree = "<group>";
		};
		37F884EB1B2D606D00FD1048 /* Supporting Files */ = {
			isa = PBXGroup;
			children = (
				37F884EC1B2D606D00FD1048 /* Info.plist */,
			);
			name = "Supporting Files";
			sourceTree = "<group>";
		};
		37F885001B2D606D00FD1048 /* calculatorTests */ = {
			isa = PBXGroup;
			children = (
				37F885031B2D606D00FD1048 /* calculatorTests.swift */,
				37F885011B2D606D00FD1048 /* Supporting Files */,
			);
			path = calculatorTests;
			sourceTree = "<group>";
		};
		37F885011B2D606D00FD1048 /* Supporting Files */ = {
			isa = PBXGroup;
			children = (
				37F885021B2D606D00FD1048 /* Info.plist */,
			);
			name = "Supporting Files";
			sourceTree = "<group>";
		};
/* End PBXGroup section */

/* Begin PBXNativeTarget section */
		37F884E71B2D606D00FD1048 /* calculator */ = {
			isa = PBXNativeTarget;
			buildConfigurationList = 37F885071B2D606D00FD1048 /* Build configuration list for PBXNativeTarget "calculator" */;
			buildPhases = (
				37F884E41B2D606D00FD1048 /* Sources */,
				37F884E51B2D606D00FD1048 /* Frameworks */,
				37F884E61B2D606D00FD1048 /* Resources */,
			);
			buildRules = (
			);
			dependencies = (
			);
			name = calculator;
			productName = calculator;
			productReference = 37F884E81B2D606D00FD1048 /* calculator.app */;
			productType = "com.apple.product-type.application";
		};
		37F884FC1B2D606D00FD1048 /* calculatorTests */ = {
			isa = PBXNativeTarget;
			buildConfigurationList = 37F8850A1B2D606D00FD1048 /* Build configuration list for PBXNativeTarget "calculatorTests" */;
			buildPhases = (
				37F884F91B2D606D00FD1048 /* Sources */,
				37F884FA1B2D606D00FD1048 /* Frameworks */,
				37F884FB1B2D606D00FD1048 /* Resources */,
			);
			buildRules = (
			);
			dependencies = (
				37F884FF1B2D606D00FD1048 /* PBXTargetDependency */,
			);
			name = calculatorTests;
			productName = calculatorTests;
			productReference = 37F884FD1B2D606D00FD1048 /* calculatorTests.xctest */;
			productType = "com.apple.product-type.bundle.unit-test";
		};
/* End PBXNativeTarget section */

/* Begin PBXProject section */
		37F884E01B2D606D00FD1048 /* Project object */ = {
			isa = PBXProject;
			attributes = {
				LastUpgradeCheck = 0630;
				ORGANIZATIONNAME = "高橋健太";
				TargetAttributes = {
					37F884E71B2D606D00FD1048 = {
						CreatedOnToolsVersion = 6.3.2;
					};
					37F884FC1B2D606D00FD1048 = {
						CreatedOnToolsVersion = 6.3.2;
						TestTargetID = 37F884E71B2D606D00FD1048;
					};
				};
			};
			buildConfigurationList = 37F884E31B2D606D00FD1048 /* Build configuration list for PBXProject "calculator" */;
			compatibilityVersion = "Xcode 3.2";
			developmentRegion = English;
			hasScannedForEncodings = 0;
			knownRegions = (
				en,
				Base,
			);
			mainGroup = 37F884DF1B2D606D00FD1048;
			productRefGroup = 37F884E91B2D606D00FD1048 /* Products */;
			projectDirPath = "";
			projectRoot = "";
			targets = (
				37F884E71B2D606D00FD1048 /* calculator */,
				37F884FC1B2D606D00FD1048 /* calculatorTests */,
			);
		};
/* End PBXProject section */

/* Begin PBXResourcesBuildPhase section */
		37F884E61B2D606D00FD1048 /* Resources */ = {
			isa = PBXResourcesBuildPhase;
			buildActionMask = 2147483647;
			files = (
				37F884F31B2D606D00FD1048 /* Main.storyboard in Resources */,
				37F884F81B2D606D00FD1048 /* LaunchScreen.xib in Resources */,
				37F884F51B2D606D00FD1048 /* Images.xcassets in Resources */,
			);
			runOnlyForDeploymentPostprocessing = 0;
		};
		37F884FB1B2D606D00FD1048 /* Resources */ = {
			isa = PBXResourcesBuildPhase;
			buildActionMask = 2147483647;
			files = (
			);
			runOnlyForDeploymentPostprocessing = 0;
		};
/* End PBXResourcesBuildPhase section */

/* Begin PBXSourcesBuildPhase section */
		37F884E41B2D606D00FD1048 /* Sources */ = {
			isa = PBXSourcesBuildPhase;
			buildActionMask = 2147483647;
			files = (
				37F884F01B2D606D00FD1048 /* ViewController.swift in Sources */,
				37F884EE1B2D606D00FD1048 /* AppDelegate.swift in Sources */,
			);
			runOnlyForDeploymentPostprocessing = 0;
		};
		37F884F91B2D606D00FD1048 /* Sources */ = {
			isa = PBXSourcesBuildPhase;
			buildActionMask = 2147483647;
			files = (
				37F885041B2D606D00FD1048 /* calculatorTests.swift in Sources */,
			);
			runOnlyForDeploymentPostprocessing = 0;
		};
/* End PBXSourcesBuildPhase section */

/* Begin PBXTargetDependency section */
		37F884FF1B2D606D00FD1048 /* PBXTargetDependency */ = {
			isa = PBXTargetDependency;
			target = 37F884E71B2D606D00FD1048 /* calculator */;
			targetProxy = 37F884FE1B2D606D00FD1048 /* PBXContainerItemProxy */;
		};
/* End PBXTargetDependency section */

/* Begin PBXVariantGroup section */
		37F884F11B2D606D00FD1048 /* Main.storyboard */ = {
			isa = PBXVariantGroup;
			children = (
				37F884F21B2D606D00FD1048 /* Base */,
			);
			name = Main.storyboard;
			sourceTree = "<group>";
		};
		37F884F61B2D606D00FD1048 /* LaunchScreen.xib */ = {
			isa = PBXVariantGroup;
			children = (
				37F884F71B2D606D00FD1048 /* Base */,
			);
			name = LaunchScreen.xib;
			sourceTree = "<group>";
		};
/* End PBXVariantGroup section */

/* Begin XCBuildConfiguration section */
		37F885051B2D606D00FD1048 /* Debug */ = {
			isa = XCBuildConfiguration;
			buildSettings = {
				ALWAYS_SEARCH_USER_PATHS = NO;
				CLANG_CXX_LANGUAGE_STANDARD = "gnu++0x";
				CLANG_CXX_LIBRARY = "libc++";
				CLANG_ENABLE_MODULES = YES;
				CLANG_ENABLE_OBJC_ARC = YES;
				CLANG_WARN_BOOL_CONVERSION = YES;
				CLANG_WARN_CONSTANT_CONVERSION = YES;
				CLANG_WARN_DIRECT_OBJC_ISA_USAGE = YES_ERROR;
				CLANG_WARN_EMPTY_BODY = YES;
				CLANG_WARN_ENUM_CONVERSION = YES;
				CLANG_WARN_INT_CONVERSION = YES;
				CLANG_WARN_OBJC_ROOT_CLASS = YES_ERROR;
				CLANG_WARN_UNREACHABLE_CODE = YES;
				CLANG_WARN__DUPLICATE_METHOD_MATCH = YES;
				"CODE_SIGN_IDENTITY[sdk=iphoneos*]" = "iPhone Developer";
				COPY_PHASE_STRIP = NO;
				DEBUG_INFORMATION_FORMAT = "dwarf-with-dsym";
				ENABLE_STRICT_OBJC_MSGSEND = YES;
				GCC_C_LANGUAGE_STANDARD = gnu99;
				GCC_DYNAMIC_NO_PIC = NO;
				GCC_NO_COMMON_BLOCKS = YES;
				GCC_OPTIMIZATION_LEVEL = 0;
				GCC_PREPROCESSOR_DEFINITIONS = (
					"DEBUG=1",
					"$(inherited)",
				);
				GCC_SYMBOLS_PRIVATE_EXTERN = NO;
				GCC_WARN_64_TO_32_BIT_CONVERSION = YES;
				GCC_WARN_ABOUT_RETURN_TYPE = YES_ERROR;
				GCC_WARN_UNDECLARED_SELECTOR = YES;
				GCC_WARN_UNINITIALIZED_AUTOS = YES_AGGRESSIVE;
				GCC_WARN_UNUSED_FUNCTION = YES;
				GCC_WARN_UNUSED_VARIABLE = YES;
				IPHONEOS_DEPLOYMENT_TARGET = 8.3;
				MTL_ENABLE_DEBUG_INFO = YES;
				ONLY_ACTIVE_ARCH = YES;
				SDKROOT = iphoneos;
				SWIFT_OPTIMIZATION_LEVEL = "-Onone";
			};
			name = Debug;
		};
		37F885061B2D606D00FD1048 /* Release */ = {
			isa = XCBuildConfiguration;
			buildSettings = {
				ALWAYS_SEARCH_USER_PATHS = NO;
				CLANG_CXX_LANGUAGE_STANDARD = "gnu++0x";
				CLANG_CXX_LIBRARY = "libc++";
				CLANG_ENABLE_MODULES = YES;
				CLANG_ENABLE_OBJC_ARC = YES;
				CLANG_WARN_BOOL_CONVERSION = YES;
				CLANG_WARN_CONSTANT_CONVERSION = YES;
				CLANG_WARN_DIRECT_OBJC_ISA_USAGE = YES_ERROR;
				CLANG_WARN_EMPTY_BODY = YES;
				CLANG_WARN_ENUM_CONVERSION = YES;
				CLANG_WARN_INT_CONVERSION = YES;
				CLANG_WARN_OBJC_ROOT_CLASS = YES_ERROR;
				CLANG_WARN_UNREACHABLE_CODE = YES;
				CLANG_WARN__DUPLICATE_METHOD_MATCH = YES;
				"CODE_SIGN_IDENTITY[sdk=iphoneos*]" = "iPhone Developer";
				COPY_PHASE_STRIP = NO;
				DEBUG_INFORMATION_FORMAT = "dwarf-with-dsym";
				ENABLE_NS_ASSERTIONS = NO;
				ENABLE_STRICT_OBJC_MSGSEND = YES;
				GCC_C_LANGUAGE_STANDARD = gnu99;
				GCC_NO_COMMON_BLOCKS = YES;
				GCC_WARN_64_TO_32_BIT_CONVERSION = YES;
				GCC_WARN_ABOUT_RETURN_TYPE = YES_ERROR;
				GCC_WARN_UNDECLARED_SELECTOR = YES;
				GCC_WARN_UNINITIALIZED_AUTOS = YES_AGGRESSIVE;
				GCC_WARN_UNUSED_FUNCTION = YES;
				GCC_WARN_UNUSED_VARIABLE = YES;
				IPHONEOS_DEPLOYMENT_TARGET = 8.3;
				MTL_ENABLE_DEBUG_INFO = NO;
				SDKROOT = iphoneos;
				VALIDATE_PRODUCT = YES;
			};
			name = Release;
		};
		37F885081B2D606D00FD1048 /* Debug */ = {
			isa = XCBuildConfiguration;
			buildSettings = {
				ASSETCATALOG_COMPILER_APPICON_NAME = AppIcon;
				INFOPLIST_FILE = calculator/Info.plist;
				LD_RUNPATH_SEARCH_PATHS = "$(inherited) @executable_path/Frameworks";
				PRODUCT_NAME = "$(TARGET_NAME)";
			};
			name = Debug;
		};
		37F885091B2D606D00FD1048 /* Release */ = {
			isa = XCBuildConfiguration;
			buildSettings = {
				ASSETCATALOG_COMPILER_APPICON_NAME = AppIcon;
				INFOPLIST_FILE = calculator/Info.plist;
				LD_RUNPATH_SEARCH_PATHS = "$(inherited) @executable_path/Frameworks";
				PRODUCT_NAME = "$(TARGET_NAME)";
			};
			name = Release;
		};
		37F8850B1B2D606D00FD1048 /* Debug */ = {
			isa = XCBuildConfiguration;
			buildSettings = {
				BUNDLE_LOADER = "$(TEST_HOST)";
				FRAMEWORK_SEARCH_PATHS = (
					"$(SDKROOT)/Developer/Library/Frameworks",
					"$(inherited)",
				);
				GCC_PREPROCESSOR_DEFINITIONS = (
					"DEBUG=1",
					"$(inherited)",
				);
				INFOPLIST_FILE = calculatorTests/Info.plist;
				LD_RUNPATH_SEARCH_PATHS = "$(inherited) @executable_path/Frameworks @loader_path/Frameworks";
				PRODUCT_NAME = "$(TARGET_NAME)";
				TEST_HOST = "$(BUILT_PRODUCTS_DIR)/calculator.app/calculator";
			};
			name = Debug;
		};
		37F8850C1B2D606D00FD1048 /* Release */ = {
			isa = XCBuildConfiguration;
			buildSettings = {
				BUNDLE_LOADER = "$(TEST_HOST)";
				FRAMEWORK_SEARCH_PATHS = (
					"$(SDKROOT)/Developer/Library/Frameworks",
					"$(inherited)",
				);
				INFOPLIST_FILE = calculatorTests/Info.plist;
				LD_RUNPATH_SEARCH_PATHS = "$(inherited) @executable_path/Frameworks @loader_path/Frameworks";
				PRODUCT_NAME = "$(TARGET_NAME)";
				TEST_HOST = "$(BUILT_PRODUCTS_DIR)/calculator.app/calculator";
			};
			name = Release;
		};
/* End XCBuildConfiguration section */

/* Begin XCConfigurationList section */
		37F884E31B2D606D00FD1048 /* Build configuration list for PBXProject "calculator" */ = {
			isa = XCConfigurationList;
			buildConfigurations = (
				37F885051B2D606D00FD1048 /* Debug */,
				37F885061B2D606D00FD1048 /* Release */,
			);
			defaultConfigurationIsVisible = 0;
			defaultConfigurationName = Release;
		};
		37F885071B2D606D00FD1048 /* Build configuration list for PBXNativeTarget "calculator" */ = {
			isa = XCConfigurationList;
			buildConfigurations = (
				37F885081B2D606D00FD1048 /* Debug */,
				37F885091B2D606D00FD1048 /* Release */,
			);
			defaultConfigurationIsVisible = 0;
			defaultConfigurationName = Release;
		};
		37F8850A1B2D606D00FD1048 /* Build configuration list for PBXNativeTarget "calculatorTests" */ = {
			isa = XCConfigurationList;
			buildConfigurations = (
				37F8850B1B2D606D00FD1048 /* Debug */,
				37F8850C1B2D606D00FD1048 /* Release */,
			);
			defaultConfigurationIsVisible = 0;
			defaultConfigurationName = Release;
		};
/* End XCConfigurationList section */
	};
	rootObject = 37F884E01B2D606D00FD1048 /* Project object */;
}
